
Microsoft Visual Studio Solution File, Format Version 12.00
# Visual Studio Version 17
VisualStudioVersion = 17.3.32825.248
MinimumVisualStudioVersion = 10.0.40219.1
Project("{9A19103F-16F7-4668-BE54-9A1E7A4F7556}") = "SimpleBlackjack", "SimpleBlackjack\SimpleBlackjack.csproj", "{7F91E2A0-E0F7-42C7-A424-B808F458AF01}"
EndProject
Global
	GlobalSection(SolutionConfigurationPlatforms) = preSolution
		Debug|Any CPU = Debug|Any CPU
		Release|Any CPU = Release|Any CPU
	EndGlobalSection
	GlobalSection(ProjectConfigurationPlatforms) = postSolution
		{7F91E2A0-E0F7-42C7-A424-B808F458AF01}.Debug|Any CPU.ActiveCfg = Debug|Any CPU
		{7F91E2A0-E0F7-42C7-A424-B808F458AF01}.Debug|Any CPU.Build.0 = Debug|Any CPU
		{7F91E2A0-E0F7-42C7-A424-B808F458AF01}.Release|Any CPU.ActiveCfg = Release|Any CPU
		{7F91E2A0-E0F7-42C7-A424-B808F458AF01}.Release|Any CPU.Build.0 = Release|Any CPU
	EndGlobalSection
	GlobalSection(SolutionProperties) = preSolution
		HideSolutionNode = FALSE
	EndGlobalSection
	GlobalSection(ExtensibilityGlobals) = postSolution
		SolutionGuid = {D4D961F8-F2B9-4E99-8E8C-DE782866ED1E}
	EndGlobalSection
EndGlobal
